
Microsoft Visual Studio Solution File, Format Version 12.00
# Visual Studio 15
VisualStudioVersion = 15.0.26124.0
MinimumVisualStudioVersion = 15.0.26124.0
Project("{2150E333-8FDC-42A3-9474-1A3956D46DE8}") = "src", "src", "{45BDC84A-3F4B-413E-AC13-7E98DBDA37AF}"
EndProject
Project("{2150E333-8FDC-42A3-9474-1A3956D46DE8}") = "Catalog", "Catalog", "{A3024922-20FD-448A-979C-210853963B21}"
EndProject
Project("{FAE04EC0-301F-11D3-BF4B-00C04F79EFBC}") = "Microservices.Catalog.API", "src\Catalog\Microservices.Catalog.API\Microservices.Catalog.API.csproj", "{A0B89E50-09F0-4EA4-A361-4926CFB39EDB}"
EndProject
Global
	GlobalSection(SolutionConfigurationPlatforms) = preSolution
		Debug|Any CPU = Debug|Any CPU
		Debug|x64 = Debug|x64
		Debug|x86 = Debug|x86
		Release|Any CPU = Release|Any CPU
		Release|x64 = Release|x64
		Release|x86 = Release|x86
	EndGlobalSection
	GlobalSection(SolutionProperties) = preSolution
		HideSolutionNode = FALSE
	EndGlobalSection
	GlobalSection(ProjectConfigurationPlatforms) = postSolution
		{A0B89E50-09F0-4EA4-A361-4926CFB39EDB}.Debug|Any CPU.ActiveCfg = Debug|Any CPU
		{A0B89E50-09F0-4EA4-A361-4926CFB39EDB}.Debug|Any CPU.Build.0 = Debug|Any CPU
		{A0B89E50-09F0-4EA4-A361-4926CFB39EDB}.Debug|x64.ActiveCfg = Debug|Any CPU
		{A0B89E50-09F0-4EA4-A361-4926CFB39EDB}.Debug|x64.Build.0 = Debug|Any CPU
		{A0B89E50-09F0-4EA4-A361-4926CFB39EDB}.Debug|x86.ActiveCfg = Debug|Any CPU
		{A0B89E50-09F0-4EA4-A361-4926CFB39EDB}.Debug|x86.Build.0 = Debug|Any CPU
		{A0B89E50-09F0-4EA4-A361-4926CFB39EDB}.Release|Any CPU.ActiveCfg = Release|Any CPU
		{A0B89E50-09F0-4EA4-A361-4926CFB39EDB}.Release|Any CPU.Build.0 = Release|Any CPU
		{A0B89E50-09F0-4EA4-A361-4926CFB39EDB}.Release|x64.ActiveCfg = Release|Any CPU
		{A0B89E50-09F0-4EA4-A361-4926CFB39EDB}.Release|x64.Build.0 = Release|Any CPU
		{A0B89E50-09F0-4EA4-A361-4926CFB39EDB}.Release|x86.ActiveCfg = Release|Any CPU
		{A0B89E50-09F0-4EA4-A361-4926CFB39EDB}.Release|x86.Build.0 = Release|Any CPU
	EndGlobalSection
	GlobalSection(NestedProjects) = preSolution
		{A3024922-20FD-448A-979C-210853963B21} = {45BDC84A-3F4B-413E-AC13-7E98DBDA37AF}
		{A0B89E50-09F0-4EA4-A361-4926CFB39EDB} = {A3024922-20FD-448A-979C-210853963B21}
	EndGlobalSection
EndGlobal
