
Microsoft Visual Studio Solution File, Format Version 12.00
# Visual Studio 15
VisualStudioVersion = 15.0.26124.0
MinimumVisualStudioVersion = 15.0.26124.0
Project("{2150E333-8FDC-42A3-9474-1A3956D46DE8}") = "src", "src", "{45BDC84A-3F4B-413E-AC13-7E98DBDA37AF}"
EndProject
Project("{2150E333-8FDC-42A3-9474-1A3956D46DE8}") = "Catalog", "Catalog", "{A3024922-20FD-448A-979C-210853963B21}"
EndProject
Project("{FAE04EC0-301F-11D3-BF4B-00C04F79EFBC}") = "Microservices.Catalog.API", "src\Catalog\Microservices.Catalog.API\Microservices.Catalog.API.csproj", "{A0B89E50-09F0-4EA4-A361-4926CFB39EDB}"
EndProject
Project("{2150E333-8FDC-42A3-9474-1A3956D46DE8}") = "Basket", "Basket", "{54FF94EA-E916-4690-86A0-4B8F4B94883D}"
EndProject
Project("{FAE04EC0-301F-11D3-BF4B-00C04F79EFBC}") = "Microservices.Basket.API", "src\Basket\Microservices.Basket.API\Microservices.Basket.API.csproj", "{F00042B0-B735-44A9-8DCF-9C3634EC34F0}"
EndProject
Project("{2150E333-8FDC-42A3-9474-1A3956D46DE8}") = "Common", "Common", "{404AF6EE-BBB5-4823-BE6F-E15E2CF60BF6}"
EndProject
Project("{FAE04EC0-301F-11D3-BF4B-00C04F79EFBC}") = "EventBusRabbitMQ", "src\Common\EventBusRabbitMQ\EventBusRabbitMQ.csproj", "{1022D191-2E98-4C8E-8B6C-22DA03756425}"
EndProject
Global
	GlobalSection(SolutionConfigurationPlatforms) = preSolution
		Debug|Any CPU = Debug|Any CPU
		Debug|x64 = Debug|x64
		Debug|x86 = Debug|x86
		Release|Any CPU = Release|Any CPU
		Release|x64 = Release|x64
		Release|x86 = Release|x86
	EndGlobalSection
	GlobalSection(SolutionProperties) = preSolution
		HideSolutionNode = FALSE
	EndGlobalSection
	GlobalSection(ProjectConfigurationPlatforms) = postSolution
		{A0B89E50-09F0-4EA4-A361-4926CFB39EDB}.Debug|Any CPU.ActiveCfg = Debug|Any CPU
		{A0B89E50-09F0-4EA4-A361-4926CFB39EDB}.Debug|Any CPU.Build.0 = Debug|Any CPU
		{A0B89E50-09F0-4EA4-A361-4926CFB39EDB}.Debug|x64.ActiveCfg = Debug|Any CPU
		{A0B89E50-09F0-4EA4-A361-4926CFB39EDB}.Debug|x64.Build.0 = Debug|Any CPU
		{A0B89E50-09F0-4EA4-A361-4926CFB39EDB}.Debug|x86.ActiveCfg = Debug|Any CPU
		{A0B89E50-09F0-4EA4-A361-4926CFB39EDB}.Debug|x86.Build.0 = Debug|Any CPU
		{A0B89E50-09F0-4EA4-A361-4926CFB39EDB}.Release|Any CPU.ActiveCfg = Release|Any CPU
		{A0B89E50-09F0-4EA4-A361-4926CFB39EDB}.Release|Any CPU.Build.0 = Release|Any CPU
		{A0B89E50-09F0-4EA4-A361-4926CFB39EDB}.Release|x64.ActiveCfg = Release|Any CPU
		{A0B89E50-09F0-4EA4-A361-4926CFB39EDB}.Release|x64.Build.0 = Release|Any CPU
		{A0B89E50-09F0-4EA4-A361-4926CFB39EDB}.Release|x86.ActiveCfg = Release|Any CPU
		{A0B89E50-09F0-4EA4-A361-4926CFB39EDB}.Release|x86.Build.0 = Release|Any CPU
		{F00042B0-B735-44A9-8DCF-9C3634EC34F0}.Debug|Any CPU.ActiveCfg = Debug|Any CPU
		{F00042B0-B735-44A9-8DCF-9C3634EC34F0}.Debug|Any CPU.Build.0 = Debug|Any CPU
		{F00042B0-B735-44A9-8DCF-9C3634EC34F0}.Debug|x64.ActiveCfg = Debug|Any CPU
		{F00042B0-B735-44A9-8DCF-9C3634EC34F0}.Debug|x64.Build.0 = Debug|Any CPU
		{F00042B0-B735-44A9-8DCF-9C3634EC34F0}.Debug|x86.ActiveCfg = Debug|Any CPU
		{F00042B0-B735-44A9-8DCF-9C3634EC34F0}.Debug|x86.Build.0 = Debug|Any CPU
		{F00042B0-B735-44A9-8DCF-9C3634EC34F0}.Release|Any CPU.ActiveCfg = Release|Any CPU
		{F00042B0-B735-44A9-8DCF-9C3634EC34F0}.Release|Any CPU.Build.0 = Release|Any CPU
		{F00042B0-B735-44A9-8DCF-9C3634EC34F0}.Release|x64.ActiveCfg = Release|Any CPU
		{F00042B0-B735-44A9-8DCF-9C3634EC34F0}.Release|x64.Build.0 = Release|Any CPU
		{F00042B0-B735-44A9-8DCF-9C3634EC34F0}.Release|x86.ActiveCfg = Release|Any CPU
		{F00042B0-B735-44A9-8DCF-9C3634EC34F0}.Release|x86.Build.0 = Release|Any CPU
		{1022D191-2E98-4C8E-8B6C-22DA03756425}.Debug|Any CPU.ActiveCfg = Debug|Any CPU
		{1022D191-2E98-4C8E-8B6C-22DA03756425}.Debug|Any CPU.Build.0 = Debug|Any CPU
		{1022D191-2E98-4C8E-8B6C-22DA03756425}.Debug|x64.ActiveCfg = Debug|Any CPU
		{1022D191-2E98-4C8E-8B6C-22DA03756425}.Debug|x64.Build.0 = Debug|Any CPU
		{1022D191-2E98-4C8E-8B6C-22DA03756425}.Debug|x86.ActiveCfg = Debug|Any CPU
		{1022D191-2E98-4C8E-8B6C-22DA03756425}.Debug|x86.Build.0 = Debug|Any CPU
		{1022D191-2E98-4C8E-8B6C-22DA03756425}.Release|Any CPU.ActiveCfg = Release|Any CPU
		{1022D191-2E98-4C8E-8B6C-22DA03756425}.Release|Any CPU.Build.0 = Release|Any CPU
		{1022D191-2E98-4C8E-8B6C-22DA03756425}.Release|x64.ActiveCfg = Release|Any CPU
		{1022D191-2E98-4C8E-8B6C-22DA03756425}.Release|x64.Build.0 = Release|Any CPU
		{1022D191-2E98-4C8E-8B6C-22DA03756425}.Release|x86.ActiveCfg = Release|Any CPU
		{1022D191-2E98-4C8E-8B6C-22DA03756425}.Release|x86.Build.0 = Release|Any CPU
	EndGlobalSection
	GlobalSection(NestedProjects) = preSolution
		{A3024922-20FD-448A-979C-210853963B21} = {45BDC84A-3F4B-413E-AC13-7E98DBDA37AF}
		{A0B89E50-09F0-4EA4-A361-4926CFB39EDB} = {A3024922-20FD-448A-979C-210853963B21}
		{54FF94EA-E916-4690-86A0-4B8F4B94883D} = {45BDC84A-3F4B-413E-AC13-7E98DBDA37AF}
		{F00042B0-B735-44A9-8DCF-9C3634EC34F0} = {54FF94EA-E916-4690-86A0-4B8F4B94883D}
		{404AF6EE-BBB5-4823-BE6F-E15E2CF60BF6} = {45BDC84A-3F4B-413E-AC13-7E98DBDA37AF}
		{1022D191-2E98-4C8E-8B6C-22DA03756425} = {404AF6EE-BBB5-4823-BE6F-E15E2CF60BF6}
	EndGlobalSection
EndGlobal
